
Microsoft Visual Studio Solution File, Format Version 12.00
# Visual Studio 15
VisualStudioVersion = 15.0.26730.15
MinimumVisualStudioVersion = 10.0.40219.1
Project("{FAE04EC0-301F-11D3-BF4B-00C04F79EFBC}") = "GHShot_Settings", "GHShot_Settings\GHShot_Settings.csproj", "{1B4D5BEE-6D8A-4098-A2FF-C75822D3D6F4}"
EndProject
Global
	GlobalSection(SolutionConfigurationPlatforms) = preSolution
		Debug|Any CPU = Debug|Any CPU
		Debug|x64 = Debug|x64
		Release|Any CPU = Release|Any CPU
		Release|x64 = Release|x64
	EndGlobalSection
	GlobalSection(ProjectConfigurationPlatforms) = postSolution
		{1B4D5BEE-6D8A-4098-A2FF-C75822D3D6F4}.Debug|Any CPU.ActiveCfg = Debug|Any CPU
		{1B4D5BEE-6D8A-4098-A2FF-C75822D3D6F4}.Debug|Any CPU.Build.0 = Debug|Any CPU
		{1B4D5BEE-6D8A-4098-A2FF-C75822D3D6F4}.Debug|x64.ActiveCfg = Debug|x64
		{1B4D5BEE-6D8A-4098-A2FF-C75822D3D6F4}.Debug|x64.Build.0 = Debug|x64
		{1B4D5BEE-6D8A-4098-A2FF-C75822D3D6F4}.Release|Any CPU.ActiveCfg = Release|Any CPU
		{1B4D5BEE-6D8A-4098-A2FF-C75822D3D6F4}.Release|Any CPU.Build.0 = Release|Any CPU
		{1B4D5BEE-6D8A-4098-A2FF-C75822D3D6F4}.Release|x64.ActiveCfg = Release|x64
		{1B4D5BEE-6D8A-4098-A2FF-C75822D3D6F4}.Release|x64.Build.0 = Release|x64
	EndGlobalSection
	GlobalSection(SolutionProperties) = preSolution
		HideSolutionNode = FALSE
	EndGlobalSection
	GlobalSection(ExtensibilityGlobals) = postSolution
		SolutionGuid = {F3E7F27A-4754-402F-9238-B98CADC7FDEE}
	EndGlobalSection
EndGlobal
